{
  "meteor": {
    "git": "https://github.com/meteor/meteor.git",
    "branch": "master",
    "commit": "9bb2b5447e845c4f483df5e9b42a2c1de5ab909b"
  },
  "dependencies": {
    "basePackages": {
      "router": {},
      "stripe": {},
      "moment": {},
      "accounting": {},
      "tags": {
        "git": "https://github.com/apendua/meteor-tags",
        "branch": "master"
      },
      "i18n": {},
      "collection-hooks": {},
      "jquery-ui-bootstrap": {},
      "scss": {}
    },
    "packages": {
      "router": {
        "git": "https://github.com/tmeasday/meteor-router.git",
        "tag": "v0.5.3",
        "commit": "7bd3a1bdd1099625bb8b49406d9b8f961d6f4a17"
      },
      "stripe": {
        "git": "https://github.com/appleifreak/stripe-meteor.git",
        "tag": "v1.2.0",
        "commit": "4f156b5d8208fd449a5689cc259a95e673ef1252"
      },
      "moment": {
        "git": "https://github.com/possibilities/meteor-moment.git",
        "tag": "v1.7.0",
        "commit": "c64b6ec0e714b9556f4b6643d430b868ba69d3d7"
      },
      "accounting": {
        "git": "https://github.com/IainShigeoka/meteor-accounting.git",
        "tag": "v0.3.2.3",
        "commit": "330cf532e6ac7282cf85ef3b83a54c1a25f5bdae"
      },
      "tags": {
        "git": "https://github.com/apendua/meteor-tags",
        "branch": "master",
        "commit": "3251f840c919148a1033e65a227629a916dec886"
      },
      "i18n": {
        "git": "https://github.com/jerico-dev/meteor-i18n.git",
        "tag": "v0.0.9",
        "commit": "2cd6c72107a0d4afde57fb765ce9d57ad8ba43e2"
      },
      "collection-hooks": {
        "git": "https://github.com/matb33/meteor-collection-hooks.git",
        "tag": "v0.2.3",
        "commit": "0250c8a6e08fe28f44ec3b89274b127799437dbc"
      },
      "jquery-ui-bootstrap": {
        "git": "https://github.com/TimHeckel/meteor-jquery-ui-bootstrap.git",
        "tag": "v0.1.2",
        "commit": "fa742a85639307003e105898e15b631394b63509"
      },
      "scss": {
        "git": "https://github.com/fourseven/meteor-scss.git",
        "tag": "v0.5.3",
        "commit": "d3438b652f90ff2b418ac143fc3a746be2772e4b"
      },
      "page-js-ie-support": {
        "git": "https://github.com/tmeasday/meteor-page-js-ie-support.git",
        "tag": "v1.3.5",
        "commit": "b99ed8380aefd10b2afc8f18d9eed4dd0d8ea9cb"
      },
      "jquery-ui": {
        "git": "https://github.com/TimHeckel/meteor-jquery-ui.git",
        "tag": "v1.9.2",
        "commit": "c437d45edcf1367df8d5ffa8bad2867758030bd2"
      }
    }
  }
}
