{
  "meteor": {},
  "dependencies": {
    "basePackages": {
      "moment": {},
      "accounting": {},
      "i18n": {},
      "collection-hooks": {
        "path": "../../src/meteor-collection-hooks"
      },
      "jquery-ui-bootstrap": {},
      "scss": {},
      "jquery-scrollintoview": {},
      "managedUsers": {
        "git": "https://github.com/jzgoda/managedUsers",
        "tag": "v0.1.6"
      },
      "analyticsjs": {},
      "canonical": {},
      "jquery-autosize": {
        "path": "../../src/meteor-jquery-autosize"
      },
      "iron-router": {},
      "font-awesome": {},
      "fast-render": {}
    },
    "packages": {
      "moment": {
        "git": "https://github.com/acreeger/meteor-moment.git",
        "tag": "v2.5.1",
        "commit": "8c9bc5d3fc96705057737cb9743d555417f6e551"
      },
      "accounting": {
        "git": "https://github.com/IainShigeoka/meteor-accounting.git",
        "tag": "v0.3.2.3",
        "commit": "330cf532e6ac7282cf85ef3b83a54c1a25f5bdae"
      },
      "i18n": {
        "git": "https://github.com/jerico-dev/meteor-i18n.git",
        "tag": "v0.1.2",
        "commit": "e24f4ad9242741984dfa3985be4ed2c3bc34f9d5"
      },
      "collection-hooks": {
        "path": "../../src/meteor-collection-hooks"
      },
      "jquery-ui-bootstrap": {
        "git": "https://github.com/TimHeckel/meteor-jquery-ui-bootstrap.git",
        "tag": "v0.1.2",
        "commit": "fa742a85639307003e105898e15b631394b63509"
      },
      "scss": {
        "git": "https://github.com/fourseven/meteor-scss.git",
        "tag": "v0.8.4",
        "commit": "11af0da643944d241fe7d173af76162c4b670dee"
      },
      "jquery-scrollintoview": {
        "git": "https://github.com/WeekdayFiller/meteor-jquery.scrollintoview",
        "tag": "v1.8.0",
        "commit": "2adb657b6f6c09728d726b26d6b3d1de85b41f9a"
      },
      "managedUsers": {
        "git": "https://github.com/jzgoda/managedUsers",
        "tag": "v0.1.6",
        "commit": "becaa15e37cddb28d0da26bb57015c92242d2915"
      },
      "analyticsjs": {
        "git": "https://github.com/nate-strauser/meteor-analyticsjs.git",
        "tag": "v0.1.3",
        "commit": "a4d3451eb4ba701798dfbc089cc753ebc81487b5"
      },
      "canonical": {
        "git": "https://github.com/projectricochet/meteor-canonical.git",
        "tag": "v0.0.5",
        "commit": "faba863fbf336c67264f79446578f484077e28bc"
      },
      "jquery-autosize": {
        "path": "../../src/meteor-jquery-autosize"
      },
      "iron-router": {
        "git": "https://github.com/EventedMind/iron-router.git",
        "tag": "v0.7.0",
        "commit": "05f34bc48c4cad9fdaa366c1ddcabe6980232ece"
      },
      "font-awesome": {
        "git": "https://github.com/nate-strauser/meteor-font-awesome.git",
        "tag": "v4.0.3",
        "commit": "61e9361384347547ae144f8228faa4deffda23db"
      },
      "fast-render": {
        "git": "https://github.com/arunoda/meteor-fast-render.git",
        "tag": "v0.1.22",
        "commit": "13c1d80bfd0366ad8d84f7a6ffa3cd9c21f9721e"
      },
      "jquery-ui": {
        "git": "https://github.com/TimHeckel/meteor-jquery-ui.git",
        "tag": "v1.9.2",
        "commit": "c437d45edcf1367df8d5ffa8bad2867758030bd2"
      },
      "blaze-layout": {
        "git": "https://github.com/EventedMind/blaze-layout.git",
        "tag": "v0.2.2",
        "commit": "8bc53798fe5965669ae67c72f91829fcfdceabfd"
      }
    }
  }
}
